
Microsoft Visual Studio Solution File, Format Version 12.00
# Visual Studio 15
VisualStudioVersion = 15.0.28010.2026
MinimumVisualStudioVersion = 10.0.40219.1
Project("{F184B08F-C81C-45F6-A57F-5ABD9991F28F}") = "Minecraft Launcher", "Minecraft Launcher\Minecraft Launcher.vbproj", "{E248834D-8A6C-4EC9-A6F9-B0D0772E7EB3}"
EndProject
Global
	GlobalSection(SolutionConfigurationPlatforms) = preSolution
		Debug|Any CPU = Debug|Any CPU
		Release|Any CPU = Release|Any CPU
	EndGlobalSection
	GlobalSection(ProjectConfigurationPlatforms) = postSolution
		{E248834D-8A6C-4EC9-A6F9-B0D0772E7EB3}.Debug|Any CPU.ActiveCfg = Debug|Any CPU
		{E248834D-8A6C-4EC9-A6F9-B0D0772E7EB3}.Debug|Any CPU.Build.0 = Debug|Any CPU
		{E248834D-8A6C-4EC9-A6F9-B0D0772E7EB3}.Release|Any CPU.ActiveCfg = Release|Any CPU
		{E248834D-8A6C-4EC9-A6F9-B0D0772E7EB3}.Release|Any CPU.Build.0 = Release|Any CPU
	EndGlobalSection
	GlobalSection(SolutionProperties) = preSolution
		HideSolutionNode = FALSE
	EndGlobalSection
	GlobalSection(ExtensibilityGlobals) = postSolution
		SolutionGuid = {A645EF13-257C-4C8A-A367-3B59A8D5CD1A}
	EndGlobalSection
EndGlobal
